
Microsoft Visual Studio Solution File, Format Version 12.00
# Visual Studio Version 17
VisualStudioVersion = 17.5.33502.453
MinimumVisualStudioVersion = 10.0.40219.1
Project("{FAE04EC0-301F-11D3-BF4B-00C04F79EFBC}") = "Schumacher", "Schumacher\Schumacher.csproj", "{43FDF9C1-1C84-430E-B337-823627B3253E}"
EndProject
Global
	GlobalSection(SolutionConfigurationPlatforms) = preSolution
		Debug|Any CPU = Debug|Any CPU
		Release|Any CPU = Release|Any CPU
	EndGlobalSection
	GlobalSection(ProjectConfigurationPlatforms) = postSolution
		{43FDF9C1-1C84-430E-B337-823627B3253E}.Debug|Any CPU.ActiveCfg = Debug|Any CPU
		{43FDF9C1-1C84-430E-B337-823627B3253E}.Debug|Any CPU.Build.0 = Debug|Any CPU
		{43FDF9C1-1C84-430E-B337-823627B3253E}.Release|Any CPU.ActiveCfg = Release|Any CPU
		{43FDF9C1-1C84-430E-B337-823627B3253E}.Release|Any CPU.Build.0 = Release|Any CPU
	EndGlobalSection
	GlobalSection(SolutionProperties) = preSolution
		HideSolutionNode = FALSE
	EndGlobalSection
	GlobalSection(ExtensibilityGlobals) = postSolution
		SolutionGuid = {A597248D-AC76-4BF6-A843-FE06F072FA1D}
	EndGlobalSection
EndGlobal
